// !$*UTF8*$!
{
	archiveVersion = 1;
	classes = {
	};
	objectVersion = 55;
	objects = {

/* Begin PBXBuildFile section */
		04117387284E55370058BE9C /* AppDelegate.swift in Sources */ = {isa = PBXBuildFile; fileRef = 04117386284E55370058BE9C /* AppDelegate.swift */; };
		04117389284E55370058BE9C /* SceneDelegate.swift in Sources */ = {isa = PBXBuildFile; fileRef = 04117388284E55370058BE9C /* SceneDelegate.swift */; };
		0411738B284E55370058BE9C /* MainViewController.swift in Sources */ = {isa = PBXBuildFile; fileRef = 0411738A284E55370058BE9C /* MainViewController.swift */; };
		04117390284E55380058BE9C /* Assets.xcassets in Resources */ = {isa = PBXBuildFile; fileRef = 0411738F284E55380058BE9C /* Assets.xcassets */; };
		04117393284E55380058BE9C /* LaunchScreen.storyboard in Resources */ = {isa = PBXBuildFile; fileRef = 04117391284E55380058BE9C /* LaunchScreen.storyboard */; };
		04F6B6572852014500C7A4F9 /* Localizable.strings in Resources */ = {isa = PBXBuildFile; fileRef = 04F6B6592852014500C7A4F9 /* Localizable.strings */; };
		04F6B65E2852019300C7A4F9 /* LocalizableStrings.swift in Sources */ = {isa = PBXBuildFile; fileRef = 04F6B65D2852019300C7A4F9 /* LocalizableStrings.swift */; };
		04F6B6602852134B00C7A4F9 /* UIImage + Extension.swift in Sources */ = {isa = PBXBuildFile; fileRef = 04F6B65F2852134B00C7A4F9 /* UIImage + Extension.swift */; };
		04F6B66E2852154D00C7A4F9 /* Roboto-MediumItalic.ttf in Resources */ = {isa = PBXBuildFile; fileRef = 04F6B6622852154D00C7A4F9 /* Roboto-MediumItalic.ttf */; };
		04F6B66F2852154D00C7A4F9 /* Roboto-Thin.ttf in Resources */ = {isa = PBXBuildFile; fileRef = 04F6B6632852154D00C7A4F9 /* Roboto-Thin.ttf */; };
		04F6B6702852154D00C7A4F9 /* Roboto-Italic.ttf in Resources */ = {isa = PBXBuildFile; fileRef = 04F6B6642852154D00C7A4F9 /* Roboto-Italic.ttf */; };
		04F6B6712852154D00C7A4F9 /* Roboto-Black.ttf in Resources */ = {isa = PBXBuildFile; fileRef = 04F6B6652852154D00C7A4F9 /* Roboto-Black.ttf */; };
		04F6B6722852154D00C7A4F9 /* Roboto-BlackItalic.ttf in Resources */ = {isa = PBXBuildFile; fileRef = 04F6B6662852154D00C7A4F9 /* Roboto-BlackItalic.ttf */; };
		04F6B6732852154D00C7A4F9 /* Roboto-LightItalic.ttf in Resources */ = {isa = PBXBuildFile; fileRef = 04F6B6672852154D00C7A4F9 /* Roboto-LightItalic.ttf */; };
		04F6B6742852154D00C7A4F9 /* Roboto-Medium.ttf in Resources */ = {isa = PBXBuildFile; fileRef = 04F6B6682852154D00C7A4F9 /* Roboto-Medium.ttf */; };
		04F6B6752852154D00C7A4F9 /* Roboto-BoldItalic.ttf in Resources */ = {isa = PBXBuildFile; fileRef = 04F6B6692852154D00C7A4F9 /* Roboto-BoldItalic.ttf */; };
		04F6B6762852154D00C7A4F9 /* Roboto-Bold.ttf in Resources */ = {isa = PBXBuildFile; fileRef = 04F6B66A2852154D00C7A4F9 /* Roboto-Bold.ttf */; };
		04F6B6772852154D00C7A4F9 /* Roboto-ThinItalic.ttf in Resources */ = {isa = PBXBuildFile; fileRef = 04F6B66B2852154D00C7A4F9 /* Roboto-ThinItalic.ttf */; };
		04F6B6782852154D00C7A4F9 /* Roboto-Light.ttf in Resources */ = {isa = PBXBuildFile; fileRef = 04F6B66C2852154D00C7A4F9 /* Roboto-Light.ttf */; };
		04F6B6792852154D00C7A4F9 /* Roboto-Regular.ttf in Resources */ = {isa = PBXBuildFile; fileRef = 04F6B66D2852154D00C7A4F9 /* Roboto-Regular.ttf */; };
		04F6B67B2852166500C7A4F9 /* Font.swift in Sources */ = {isa = PBXBuildFile; fileRef = 04F6B67A2852166500C7A4F9 /* Font.swift */; };
		04F6B67E2852342700C7A4F9 /* UIFont + Extension.swift in Sources */ = {isa = PBXBuildFile; fileRef = 04F6B67D2852342700C7A4F9 /* UIFont + Extension.swift */; };
		04FE09FB284E5DD100839CBF /* UIColor + Extension.swift in Sources */ = {isa = PBXBuildFile; fileRef = 04FE09FA284E5DD100839CBF /* UIColor + Extension.swift */; };
		04FE09FE284E7FD600839CBF /* MainView.swift in Sources */ = {isa = PBXBuildFile; fileRef = 04FE09FD284E7FD600839CBF /* MainView.swift */; };
		04FE0A01284E80BE00839CBF /* MainViewModuleBuilder.swift in Sources */ = {isa = PBXBuildFile; fileRef = 04FE0A00284E80BE00839CBF /* MainViewModuleBuilder.swift */; };
		04FE0A03284E80DE00839CBF /* ModuleBuilder.swift in Sources */ = {isa = PBXBuildFile; fileRef = 04FE0A02284E80DE00839CBF /* ModuleBuilder.swift */; };
		04FE0A07284E817000839CBF /* MainPresenter.swift in Sources */ = {isa = PBXBuildFile; fileRef = 04FE0A06284E817000839CBF /* MainPresenter.swift */; };
		04FE0A0A284E81AC00839CBF /* MainViewInput.swift in Sources */ = {isa = PBXBuildFile; fileRef = 04FE0A09284E81AC00839CBF /* MainViewInput.swift */; };
		04FE0A0C284E81F700839CBF /* MainViewOutput.swift in Sources */ = {isa = PBXBuildFile; fileRef = 04FE0A0B284E81F700839CBF /* MainViewOutput.swift */; };
		04FE0A0E284E832100839CBF /* MainViewUiDelegate.swift in Sources */ = {isa = PBXBuildFile; fileRef = 04FE0A0D284E832100839CBF /* MainViewUiDelegate.swift */; };
		ED801E292851ECD100B22786 /* WorkoutTabs.swift in Sources */ = {isa = PBXBuildFile; fileRef = ED801E282851ECD100B22786 /* WorkoutTabs.swift */; };
		ED970E622851F451004A4E06 /* WorkoutTabBarController.swift in Sources */ = {isa = PBXBuildFile; fileRef = ED970E612851F451004A4E06 /* WorkoutTabBarController.swift */; };
/* End PBXBuildFile section */

/* Begin PBXFileReference section */
		04117383284E55370058BE9C /* workout.app */ = {isa = PBXFileReference; explicitFileType = wrapper.application; includeInIndex = 0; path = workout.app; sourceTree = BUILT_PRODUCTS_DIR; };
		04117386284E55370058BE9C /* AppDelegate.swift */ = {isa = PBXFileReference; lastKnownFileType = sourcecode.swift; path = AppDelegate.swift; sourceTree = "<group>"; };
		04117388284E55370058BE9C /* SceneDelegate.swift */ = {isa = PBXFileReference; lastKnownFileType = sourcecode.swift; path = SceneDelegate.swift; sourceTree = "<group>"; };
		0411738A284E55370058BE9C /* MainViewController.swift */ = {isa = PBXFileReference; lastKnownFileType = sourcecode.swift; path = MainViewController.swift; sourceTree = "<group>"; };
		0411738F284E55380058BE9C /* Assets.xcassets */ = {isa = PBXFileReference; lastKnownFileType = folder.assetcatalog; path = Assets.xcassets; sourceTree = "<group>"; };
		04117392284E55380058BE9C /* Base */ = {isa = PBXFileReference; lastKnownFileType = file.storyboard; name = Base; path = Base.lproj/LaunchScreen.storyboard; sourceTree = "<group>"; };
		04117394284E55380058BE9C /* Info.plist */ = {isa = PBXFileReference; lastKnownFileType = text.plist.xml; path = Info.plist; sourceTree = "<group>"; };
		04F6B6582852014500C7A4F9 /* en */ = {isa = PBXFileReference; lastKnownFileType = text.plist.strings; name = en; path = en.lproj/Localizable.strings; sourceTree = "<group>"; };
		04F6B65A2852016600C7A4F9 /* ru */ = {isa = PBXFileReference; lastKnownFileType = text.plist.strings; name = ru; path = ru.lproj/LaunchScreen.strings; sourceTree = "<group>"; };
		04F6B65B2852016600C7A4F9 /* ru */ = {isa = PBXFileReference; lastKnownFileType = text.plist.strings; name = ru; path = ru.lproj/Localizable.strings; sourceTree = "<group>"; };
		04F6B65D2852019300C7A4F9 /* LocalizableStrings.swift */ = {isa = PBXFileReference; lastKnownFileType = sourcecode.swift; path = LocalizableStrings.swift; sourceTree = "<group>"; };
		04F6B65F2852134B00C7A4F9 /* UIImage + Extension.swift */ = {isa = PBXFileReference; lastKnownFileType = sourcecode.swift; path = "UIImage + Extension.swift"; sourceTree = "<group>"; };
		04F6B6622852154D00C7A4F9 /* Roboto-MediumItalic.ttf */ = {isa = PBXFileReference; lastKnownFileType = file; path = "Roboto-MediumItalic.ttf"; sourceTree = "<group>"; };
		04F6B6632852154D00C7A4F9 /* Roboto-Thin.ttf */ = {isa = PBXFileReference; lastKnownFileType = file; path = "Roboto-Thin.ttf"; sourceTree = "<group>"; };
		04F6B6642852154D00C7A4F9 /* Roboto-Italic.ttf */ = {isa = PBXFileReference; lastKnownFileType = file; path = "Roboto-Italic.ttf"; sourceTree = "<group>"; };
		04F6B6652852154D00C7A4F9 /* Roboto-Black.ttf */ = {isa = PBXFileReference; lastKnownFileType = file; path = "Roboto-Black.ttf"; sourceTree = "<group>"; };
		04F6B6662852154D00C7A4F9 /* Roboto-BlackItalic.ttf */ = {isa = PBXFileReference; lastKnownFileType = file; path = "Roboto-BlackItalic.ttf"; sourceTree = "<group>"; };
		04F6B6672852154D00C7A4F9 /* Roboto-LightItalic.ttf */ = {isa = PBXFileReference; lastKnownFileType = file; path = "Roboto-LightItalic.ttf"; sourceTree = "<group>"; };
		04F6B6682852154D00C7A4F9 /* Roboto-Medium.ttf */ = {isa = PBXFileReference; lastKnownFileType = file; path = "Roboto-Medium.ttf"; sourceTree = "<group>"; };
		04F6B6692852154D00C7A4F9 /* Roboto-BoldItalic.ttf */ = {isa = PBXFileReference; lastKnownFileType = file; path = "Roboto-BoldItalic.ttf"; sourceTree = "<group>"; };
		04F6B66A2852154D00C7A4F9 /* Roboto-Bold.ttf */ = {isa = PBXFileReference; lastKnownFileType = file; path = "Roboto-Bold.ttf"; sourceTree = "<group>"; };
		04F6B66B2852154D00C7A4F9 /* Roboto-ThinItalic.ttf */ = {isa = PBXFileReference; lastKnownFileType = file; path = "Roboto-ThinItalic.ttf"; sourceTree = "<group>"; };
		04F6B66C2852154D00C7A4F9 /* Roboto-Light.ttf */ = {isa = PBXFileReference; lastKnownFileType = file; path = "Roboto-Light.ttf"; sourceTree = "<group>"; };
		04F6B66D2852154D00C7A4F9 /* Roboto-Regular.ttf */ = {isa = PBXFileReference; lastKnownFileType = file; path = "Roboto-Regular.ttf"; sourceTree = "<group>"; };
		04F6B67A2852166500C7A4F9 /* Font.swift */ = {isa = PBXFileReference; lastKnownFileType = sourcecode.swift; path = Font.swift; sourceTree = "<group>"; };
		04F6B67D2852342700C7A4F9 /* UIFont + Extension.swift */ = {isa = PBXFileReference; lastKnownFileType = sourcecode.swift; path = "UIFont + Extension.swift"; sourceTree = "<group>"; };
		04FE09FA284E5DD100839CBF /* UIColor + Extension.swift */ = {isa = PBXFileReference; lastKnownFileType = sourcecode.swift; path = "UIColor + Extension.swift"; sourceTree = "<group>"; };
		04FE09FD284E7FD600839CBF /* MainView.swift */ = {isa = PBXFileReference; lastKnownFileType = sourcecode.swift; path = MainView.swift; sourceTree = "<group>"; };
		04FE0A00284E80BE00839CBF /* MainViewModuleBuilder.swift */ = {isa = PBXFileReference; lastKnownFileType = sourcecode.swift; path = MainViewModuleBuilder.swift; sourceTree = "<group>"; };
		04FE0A02284E80DE00839CBF /* ModuleBuilder.swift */ = {isa = PBXFileReference; lastKnownFileType = sourcecode.swift; path = ModuleBuilder.swift; sourceTree = "<group>"; };
		04FE0A06284E817000839CBF /* MainPresenter.swift */ = {isa = PBXFileReference; lastKnownFileType = sourcecode.swift; path = MainPresenter.swift; sourceTree = "<group>"; };
		04FE0A09284E81AC00839CBF /* MainViewInput.swift */ = {isa = PBXFileReference; lastKnownFileType = sourcecode.swift; path = MainViewInput.swift; sourceTree = "<group>"; };
		04FE0A0B284E81F700839CBF /* MainViewOutput.swift */ = {isa = PBXFileReference; lastKnownFileType = sourcecode.swift; path = MainViewOutput.swift; sourceTree = "<group>"; };
		04FE0A0D284E832100839CBF /* MainViewUiDelegate.swift */ = {isa = PBXFileReference; lastKnownFileType = sourcecode.swift; path = MainViewUiDelegate.swift; sourceTree = "<group>"; };
		ED801E282851ECD100B22786 /* WorkoutTabs.swift */ = {isa = PBXFileReference; lastKnownFileType = sourcecode.swift; path = WorkoutTabs.swift; sourceTree = "<group>"; };
		ED970E612851F451004A4E06 /* WorkoutTabBarController.swift */ = {isa = PBXFileReference; lastKnownFileType = sourcecode.swift; path = WorkoutTabBarController.swift; sourceTree = "<group>"; };
/* End PBXFileReference section */

/* Begin PBXFrameworksBuildPhase section */
		04117380284E55370058BE9C /* Frameworks */ = {
			isa = PBXFrameworksBuildPhase;
			buildActionMask = 2147483647;
			files = (
			);
			runOnlyForDeploymentPostprocessing = 0;
		};
/* End PBXFrameworksBuildPhase section */

/* Begin PBXGroup section */
		0411737A284E55370058BE9C = {
			isa = PBXGroup;
			children = (
				04117385284E55370058BE9C /* workout */,
				04117384284E55370058BE9C /* Products */,
			);
			sourceTree = "<group>";
		};
		04117384284E55370058BE9C /* Products */ = {
			isa = PBXGroup;
			children = (
				04117383284E55370058BE9C /* workout.app */,
			);
			name = Products;
			sourceTree = "<group>";
		};
		04117385284E55370058BE9C /* workout */ = {
			isa = PBXGroup;
			children = (
				0411739A284E55580058BE9C /* App */,
				04FE09F7284E5C0800839CBF /* Modules */,
				0411738F284E55380058BE9C /* Assets.xcassets */,
				0411739B284E55990058BE9C /* Supporting Files */,
			);
			path = workout;
			sourceTree = "<group>";
		};
		0411739A284E55580058BE9C /* App */ = {
			isa = PBXGroup;
			children = (
				04117386284E55370058BE9C /* AppDelegate.swift */,
				04117388284E55370058BE9C /* SceneDelegate.swift */,
				ED801E272851ECB300B22786 /* WorkoutTabBar */,
			);
			path = App;
			sourceTree = "<group>";
		};
		0411739B284E55990058BE9C /* Supporting Files */ = {
			isa = PBXGroup;
			children = (
				04FE09F9284E5DC500839CBF /* Extensions */,
				04F6B65C2852018000C7A4F9 /* Localizable */,
				04F6B661285214AB00C7A4F9 /* Font */,
				04FE0A02284E80DE00839CBF /* ModuleBuilder.swift */,
				04117391284E55380058BE9C /* LaunchScreen.storyboard */,
				04117394284E55380058BE9C /* Info.plist */,
			);
			path = "Supporting Files";
			sourceTree = "<group>";
		};
		04F6B65C2852018000C7A4F9 /* Localizable */ = {
			isa = PBXGroup;
			children = (
				04F6B65D2852019300C7A4F9 /* LocalizableStrings.swift */,
				04F6B6592852014500C7A4F9 /* Localizable.strings */,
			);
			path = Localizable;
			sourceTree = "<group>";
		};
		04F6B661285214AB00C7A4F9 /* Font */ = {
			isa = PBXGroup;
			children = (
				04F6B67A2852166500C7A4F9 /* Font.swift */,
				04F6B67C2852179A00C7A4F9 /* Roboto */,
			);
			path = Font;
			sourceTree = "<group>";
		};
		04F6B67C2852179A00C7A4F9 /* Roboto */ = {
			isa = PBXGroup;
			children = (
				04F6B6652852154D00C7A4F9 /* Roboto-Black.ttf */,
				04F6B6662852154D00C7A4F9 /* Roboto-BlackItalic.ttf */,
				04F6B66A2852154D00C7A4F9 /* Roboto-Bold.ttf */,
				04F6B6692852154D00C7A4F9 /* Roboto-BoldItalic.ttf */,
				04F6B6642852154D00C7A4F9 /* Roboto-Italic.ttf */,
				04F6B66C2852154D00C7A4F9 /* Roboto-Light.ttf */,
				04F6B6672852154D00C7A4F9 /* Roboto-LightItalic.ttf */,
				04F6B6682852154D00C7A4F9 /* Roboto-Medium.ttf */,
				04F6B6622852154D00C7A4F9 /* Roboto-MediumItalic.ttf */,
				04F6B66D2852154D00C7A4F9 /* Roboto-Regular.ttf */,
				04F6B6632852154D00C7A4F9 /* Roboto-Thin.ttf */,
				04F6B66B2852154D00C7A4F9 /* Roboto-ThinItalic.ttf */,
			);
			path = Roboto;
			sourceTree = "<group>";
		};
		04FE09F7284E5C0800839CBF /* Modules */ = {
			isa = PBXGroup;
			children = (
				04FE09FC284E7F7500839CBF /* Main */,
			);
			path = Modules;
			sourceTree = "<group>";
		};
		04FE09F8284E5C1E00839CBF /* Views */ = {
			isa = PBXGroup;
			children = (
				0411738A284E55370058BE9C /* MainViewController.swift */,
				04FE09FD284E7FD600839CBF /* MainView.swift */,
			);
			path = Views;
			sourceTree = "<group>";
		};
		04FE09F9284E5DC500839CBF /* Extensions */ = {
			isa = PBXGroup;
			children = (
				04FE09FA284E5DD100839CBF /* UIColor + Extension.swift */,
				04F6B65F2852134B00C7A4F9 /* UIImage + Extension.swift */,
				04F6B67D2852342700C7A4F9 /* UIFont + Extension.swift */,
			);
			path = Extensions;
			sourceTree = "<group>";
		};
		04FE09FC284E7F7500839CBF /* Main */ = {
			isa = PBXGroup;
			children = (
				04FE09FF284E80AB00839CBF /* Assembly */,
				04FE0A08284E81A500839CBF /* Protocols */,
				04FE09F8284E5C1E00839CBF /* Views */,
				04FE0A05284E815E00839CBF /* Presenters */,
			);
			path = Main;
			sourceTree = "<group>";
		};
		04FE09FF284E80AB00839CBF /* Assembly */ = {
			isa = PBXGroup;
			children = (
				04FE0A00284E80BE00839CBF /* MainViewModuleBuilder.swift */,
			);
			path = Assembly;
			sourceTree = "<group>";
		};
		04FE0A05284E815E00839CBF /* Presenters */ = {
			isa = PBXGroup;
			children = (
				04FE0A06284E817000839CBF /* MainPresenter.swift */,
			);
			path = Presenters;
			sourceTree = "<group>";
		};
		04FE0A08284E81A500839CBF /* Protocols */ = {
			isa = PBXGroup;
			children = (
				04FE0A0B284E81F700839CBF /* MainViewOutput.swift */,
				04FE0A09284E81AC00839CBF /* MainViewInput.swift */,
				04FE0A0D284E832100839CBF /* MainViewUiDelegate.swift */,
			);
			path = Protocols;
			sourceTree = "<group>";
		};
		ED801E272851ECB300B22786 /* WorkoutTabBar */ = {
			isa = PBXGroup;
			children = (
				ED970E612851F451004A4E06 /* WorkoutTabBarController.swift */,
				ED801E282851ECD100B22786 /* WorkoutTabs.swift */,
			);
			path = WorkoutTabBar;
			sourceTree = "<group>";
		};
/* End PBXGroup section */

/* Begin PBXNativeTarget section */
		04117382284E55370058BE9C /* workout */ = {
			isa = PBXNativeTarget;
			buildConfigurationList = 04117397284E55380058BE9C /* Build configuration list for PBXNativeTarget "workout" */;
			buildPhases = (
				04FE0A0F284F752A00839CBF /* Run SwiftLint Script */,
				0411737F284E55370058BE9C /* Sources */,
				04117380284E55370058BE9C /* Frameworks */,
				04117381284E55370058BE9C /* Resources */,
			);
			buildRules = (
			);
			dependencies = (
			);
			name = workout;
			productName = workout;
			productReference = 04117383284E55370058BE9C /* workout.app */;
			productType = "com.apple.product-type.application";
		};
/* End PBXNativeTarget section */

/* Begin PBXProject section */
		0411737B284E55370058BE9C /* Project object */ = {
			isa = PBXProject;
			attributes = {
				BuildIndependentTargetsInParallel = 1;
				LastSwiftUpdateCheck = 1330;
				LastUpgradeCheck = 1330;
				TargetAttributes = {
					04117382284E55370058BE9C = {
						CreatedOnToolsVersion = 13.3.1;
					};
				};
			};
			buildConfigurationList = 0411737E284E55370058BE9C /* Build configuration list for PBXProject "workout" */;
			compatibilityVersion = "Xcode 13.0";
			developmentRegion = en;
			hasScannedForEncodings = 0;
			knownRegions = (
				en,
				Base,
				ru,
			);
			mainGroup = 0411737A284E55370058BE9C;
			productRefGroup = 04117384284E55370058BE9C /* Products */;
			projectDirPath = "";
			projectRoot = "";
			targets = (
				04117382284E55370058BE9C /* workout */,
			);
		};
/* End PBXProject section */

/* Begin PBXResourcesBuildPhase section */
		04117381284E55370058BE9C /* Resources */ = {
			isa = PBXResourcesBuildPhase;
			buildActionMask = 2147483647;
			files = (
				04F6B6742852154D00C7A4F9 /* Roboto-Medium.ttf in Resources */,
				04F6B6752852154D00C7A4F9 /* Roboto-BoldItalic.ttf in Resources */,
				04F6B6762852154D00C7A4F9 /* Roboto-Bold.ttf in Resources */,
				04F6B66E2852154D00C7A4F9 /* Roboto-MediumItalic.ttf in Resources */,
				04F6B6782852154D00C7A4F9 /* Roboto-Light.ttf in Resources */,
				04F6B6702852154D00C7A4F9 /* Roboto-Italic.ttf in Resources */,
				04117393284E55380058BE9C /* LaunchScreen.storyboard in Resources */,
				04F6B6572852014500C7A4F9 /* Localizable.strings in Resources */,
				04F6B6712852154D00C7A4F9 /* Roboto-Black.ttf in Resources */,
				04F6B6732852154D00C7A4F9 /* Roboto-LightItalic.ttf in Resources */,
				04F6B66F2852154D00C7A4F9 /* Roboto-Thin.ttf in Resources */,
				04117390284E55380058BE9C /* Assets.xcassets in Resources */,
				04F6B6792852154D00C7A4F9 /* Roboto-Regular.ttf in Resources */,
				04F6B6722852154D00C7A4F9 /* Roboto-BlackItalic.ttf in Resources */,
				04F6B6772852154D00C7A4F9 /* Roboto-ThinItalic.ttf in Resources */,
			);
			runOnlyForDeploymentPostprocessing = 0;
		};
/* End PBXResourcesBuildPhase section */

/* Begin PBXShellScriptBuildPhase section */
		04FE0A0F284F752A00839CBF /* Run SwiftLint Script */ = {
			isa = PBXShellScriptBuildPhase;
			buildActionMask = 2147483647;
			files = (
			);
			inputFileListPaths = (
			);
			inputPaths = (
			);
			name = "Run SwiftLint Script";
			outputFileListPaths = (
			);
			outputPaths = (
			);
			runOnlyForDeploymentPostprocessing = 0;
			shellPath = /bin/sh;
			shellScript = "if test -d \"/opt/homebrew/bin/\"; then\n  PATH=\"/opt/homebrew/bin/:${PATH}\"\nfi\n\nexport PATH\n\nif which swiftlint >/dev/null; then\n  swiftlint\nelse\n  echo \"warning: SwiftLint not installed, download from https://github.com/realm/SwiftLint\"\nfi\n";
		};
/* End PBXShellScriptBuildPhase section */

/* Begin PBXSourcesBuildPhase section */
		0411737F284E55370058BE9C /* Sources */ = {
			isa = PBXSourcesBuildPhase;
			buildActionMask = 2147483647;
			files = (
				04F6B67B2852166500C7A4F9 /* Font.swift in Sources */,
				04F6B67E2852342700C7A4F9 /* UIFont + Extension.swift in Sources */,
				0411738B284E55370058BE9C /* MainViewController.swift in Sources */,
				04FE09FB284E5DD100839CBF /* UIColor + Extension.swift in Sources */,
				04FE0A07284E817000839CBF /* MainPresenter.swift in Sources */,
				04FE0A0A284E81AC00839CBF /* MainViewInput.swift in Sources */,
				04117387284E55370058BE9C /* AppDelegate.swift in Sources */,
				04FE0A0C284E81F700839CBF /* MainViewOutput.swift in Sources */,
				ED970E622851F451004A4E06 /* WorkoutTabBarController.swift in Sources */,
				04FE09FE284E7FD600839CBF /* MainView.swift in Sources */,
				04F6B6602852134B00C7A4F9 /* UIImage + Extension.swift in Sources */,
				04FE0A03284E80DE00839CBF /* ModuleBuilder.swift in Sources */,
				04F6B65E2852019300C7A4F9 /* LocalizableStrings.swift in Sources */,
				04117389284E55370058BE9C /* SceneDelegate.swift in Sources */,
				ED801E292851ECD100B22786 /* WorkoutTabs.swift in Sources */,
				04FE0A0E284E832100839CBF /* MainViewUiDelegate.swift in Sources */,
				04FE0A01284E80BE00839CBF /* MainViewModuleBuilder.swift in Sources */,
			);
			runOnlyForDeploymentPostprocessing = 0;
		};
/* End PBXSourcesBuildPhase section */

/* Begin PBXVariantGroup section */
		04117391284E55380058BE9C /* LaunchScreen.storyboard */ = {
			isa = PBXVariantGroup;
			children = (
				04117392284E55380058BE9C /* Base */,
				04F6B65A2852016600C7A4F9 /* ru */,
			);
			name = LaunchScreen.storyboard;
			sourceTree = "<group>";
		};
		04F6B6592852014500C7A4F9 /* Localizable.strings */ = {
			isa = PBXVariantGroup;
			children = (
				04F6B6582852014500C7A4F9 /* en */,
				04F6B65B2852016600C7A4F9 /* ru */,
			);
			name = Localizable.strings;
			sourceTree = "<group>";
		};
/* End PBXVariantGroup section */

/* Begin XCBuildConfiguration section */
		04117395284E55380058BE9C /* Debug */ = {
			isa = XCBuildConfiguration;
			buildSettings = {
				ALWAYS_SEARCH_USER_PATHS = NO;
				CLANG_ANALYZER_LOCALIZABILITY_NONLOCALIZED = YES;
				CLANG_ANALYZER_NONNULL = YES;
				CLANG_ANALYZER_NUMBER_OBJECT_CONVERSION = YES_AGGRESSIVE;
				CLANG_CXX_LANGUAGE_STANDARD = "gnu++17";
				CLANG_ENABLE_MODULES = YES;
				CLANG_ENABLE_OBJC_ARC = YES;
				CLANG_ENABLE_OBJC_WEAK = YES;
				CLANG_WARN_BLOCK_CAPTURE_AUTORELEASING = YES;
				CLANG_WARN_BOOL_CONVERSION = YES;
				CLANG_WARN_COMMA = YES;
				CLANG_WARN_CONSTANT_CONVERSION = YES;
				CLANG_WARN_DEPRECATED_OBJC_IMPLEMENTATIONS = YES;
				CLANG_WARN_DIRECT_OBJC_ISA_USAGE = YES_ERROR;
				CLANG_WARN_DOCUMENTATION_COMMENTS = YES;
				CLANG_WARN_EMPTY_BODY = YES;
				CLANG_WARN_ENUM_CONVERSION = YES;
				CLANG_WARN_INFINITE_RECURSION = YES;
				CLANG_WARN_INT_CONVERSION = YES;
				CLANG_WARN_NON_LITERAL_NULL_CONVERSION = YES;
				CLANG_WARN_OBJC_IMPLICIT_RETAIN_SELF = YES;
				CLANG_WARN_OBJC_LITERAL_CONVERSION = YES;
				CLANG_WARN_OBJC_ROOT_CLASS = YES_ERROR;
				CLANG_WARN_QUOTED_INCLUDE_IN_FRAMEWORK_HEADER = YES;
				CLANG_WARN_RANGE_LOOP_ANALYSIS = YES;
				CLANG_WARN_STRICT_PROTOTYPES = YES;
				CLANG_WARN_SUSPICIOUS_MOVE = YES;
				CLANG_WARN_UNGUARDED_AVAILABILITY = YES_AGGRESSIVE;
				CLANG_WARN_UNREACHABLE_CODE = YES;
				CLANG_WARN__DUPLICATE_METHOD_MATCH = YES;
				COPY_PHASE_STRIP = NO;
				DEBUG_INFORMATION_FORMAT = dwarf;
				ENABLE_STRICT_OBJC_MSGSEND = YES;
				ENABLE_TESTABILITY = YES;
				GCC_C_LANGUAGE_STANDARD = gnu11;
				GCC_DYNAMIC_NO_PIC = NO;
				GCC_NO_COMMON_BLOCKS = YES;
				GCC_OPTIMIZATION_LEVEL = 0;
				GCC_PREPROCESSOR_DEFINITIONS = (
					"DEBUG=1",
					"$(inherited)",
				);
				GCC_WARN_64_TO_32_BIT_CONVERSION = YES;
				GCC_WARN_ABOUT_RETURN_TYPE = YES_ERROR;
				GCC_WARN_UNDECLARED_SELECTOR = YES;
				GCC_WARN_UNINITIALIZED_AUTOS = YES_AGGRESSIVE;
				GCC_WARN_UNUSED_FUNCTION = YES;
				GCC_WARN_UNUSED_VARIABLE = YES;
				IPHONEOS_DEPLOYMENT_TARGET = 15.4;
				MTL_ENABLE_DEBUG_INFO = INCLUDE_SOURCE;
				MTL_FAST_MATH = YES;
				ONLY_ACTIVE_ARCH = YES;
				SDKROOT = iphoneos;
				SWIFT_ACTIVE_COMPILATION_CONDITIONS = DEBUG;
				SWIFT_OPTIMIZATION_LEVEL = "-Onone";
			};
			name = Debug;
		};
		04117396284E55380058BE9C /* Release */ = {
			isa = XCBuildConfiguration;
			buildSettings = {
				ALWAYS_SEARCH_USER_PATHS = NO;
				CLANG_ANALYZER_LOCALIZABILITY_NONLOCALIZED = YES;
				CLANG_ANALYZER_NONNULL = YES;
				CLANG_ANALYZER_NUMBER_OBJECT_CONVERSION = YES_AGGRESSIVE;
				CLANG_CXX_LANGUAGE_STANDARD = "gnu++17";
				CLANG_ENABLE_MODULES = YES;
				CLANG_ENABLE_OBJC_ARC = YES;
				CLANG_ENABLE_OBJC_WEAK = YES;
				CLANG_WARN_BLOCK_CAPTURE_AUTORELEASING = YES;
				CLANG_WARN_BOOL_CONVERSION = YES;
				CLANG_WARN_COMMA = YES;
				CLANG_WARN_CONSTANT_CONVERSION = YES;
				CLANG_WARN_DEPRECATED_OBJC_IMPLEMENTATIONS = YES;
				CLANG_WARN_DIRECT_OBJC_ISA_USAGE = YES_ERROR;
				CLANG_WARN_DOCUMENTATION_COMMENTS = YES;
				CLANG_WARN_EMPTY_BODY = YES;
				CLANG_WARN_ENUM_CONVERSION = YES;
				CLANG_WARN_INFINITE_RECURSION = YES;
				CLANG_WARN_INT_CONVERSION = YES;
				CLANG_WARN_NON_LITERAL_NULL_CONVERSION = YES;
				CLANG_WARN_OBJC_IMPLICIT_RETAIN_SELF = YES;
				CLANG_WARN_OBJC_LITERAL_CONVERSION = YES;
				CLANG_WARN_OBJC_ROOT_CLASS = YES_ERROR;
				CLANG_WARN_QUOTED_INCLUDE_IN_FRAMEWORK_HEADER = YES;
				CLANG_WARN_RANGE_LOOP_ANALYSIS = YES;
				CLANG_WARN_STRICT_PROTOTYPES = YES;
				CLANG_WARN_SUSPICIOUS_MOVE = YES;
				CLANG_WARN_UNGUARDED_AVAILABILITY = YES_AGGRESSIVE;
				CLANG_WARN_UNREACHABLE_CODE = YES;
				CLANG_WARN__DUPLICATE_METHOD_MATCH = YES;
				COPY_PHASE_STRIP = NO;
				DEBUG_INFORMATION_FORMAT = "dwarf-with-dsym";
				ENABLE_NS_ASSERTIONS = NO;
				ENABLE_STRICT_OBJC_MSGSEND = YES;
				GCC_C_LANGUAGE_STANDARD = gnu11;
				GCC_NO_COMMON_BLOCKS = YES;
				GCC_WARN_64_TO_32_BIT_CONVERSION = YES;
				GCC_WARN_ABOUT_RETURN_TYPE = YES_ERROR;
				GCC_WARN_UNDECLARED_SELECTOR = YES;
				GCC_WARN_UNINITIALIZED_AUTOS = YES_AGGRESSIVE;
				GCC_WARN_UNUSED_FUNCTION = YES;
				GCC_WARN_UNUSED_VARIABLE = YES;
				IPHONEOS_DEPLOYMENT_TARGET = 15.4;
				MTL_ENABLE_DEBUG_INFO = NO;
				MTL_FAST_MATH = YES;
				SDKROOT = iphoneos;
				SWIFT_COMPILATION_MODE = wholemodule;
				SWIFT_OPTIMIZATION_LEVEL = "-O";
				VALIDATE_PRODUCT = YES;
			};
			name = Release;
		};
		04117398284E55380058BE9C /* Debug */ = {
			isa = XCBuildConfiguration;
			buildSettings = {
				ASSETCATALOG_COMPILER_APPICON_NAME = AppIcon;
				ASSETCATALOG_COMPILER_GLOBAL_ACCENT_COLOR_NAME = AccentColor;
				CODE_SIGN_STYLE = Automatic;
				CURRENT_PROJECT_VERSION = 1;
				DEVELOPMENT_TEAM = CSN823SSAY;
				GENERATE_INFOPLIST_FILE = YES;
				INFOPLIST_FILE = "workout/Supporting Files/Info.plist";
				INFOPLIST_KEY_UIApplicationSupportsIndirectInputEvents = YES;
				INFOPLIST_KEY_UILaunchStoryboardName = LaunchScreen;
				INFOPLIST_KEY_UISupportedInterfaceOrientations = UIInterfaceOrientationPortrait;
				INFOPLIST_KEY_UISupportedInterfaceOrientations_iPad = "UIInterfaceOrientationPortrait UIInterfaceOrientationPortraitUpsideDown UIInterfaceOrientationLandscapeLeft UIInterfaceOrientationLandscapeRight";
				INFOPLIST_KEY_UISupportedInterfaceOrientations_iPhone = "UIInterfaceOrientationPortrait UIInterfaceOrientationLandscapeLeft UIInterfaceOrientationLandscapeRight";
				IPHONEOS_DEPLOYMENT_TARGET = 13.0;
				LD_RUNPATH_SEARCH_PATHS = (
					"$(inherited)",
					"@executable_path/Frameworks",
				);
				MARKETING_VERSION = 1.0;
				PRODUCT_BUNDLE_IDENTIFIER = com.mikhailchaus.workout;
				PRODUCT_NAME = "$(TARGET_NAME)";
				SWIFT_EMIT_LOC_STRINGS = YES;
				SWIFT_VERSION = 5.0;
				TARGETED_DEVICE_FAMILY = 1;
			};
			name = Debug;
		};
		04117399284E55380058BE9C /* Release */ = {
			isa = XCBuildConfiguration;
			buildSettings = {
				ASSETCATALOG_COMPILER_APPICON_NAME = AppIcon;
				ASSETCATALOG_COMPILER_GLOBAL_ACCENT_COLOR_NAME = AccentColor;
				CODE_SIGN_STYLE = Automatic;
				CURRENT_PROJECT_VERSION = 1;
				DEVELOPMENT_TEAM = CSN823SSAY;
				GENERATE_INFOPLIST_FILE = YES;
				INFOPLIST_FILE = "workout/Supporting Files/Info.plist";
				INFOPLIST_KEY_UIApplicationSupportsIndirectInputEvents = YES;
				INFOPLIST_KEY_UILaunchStoryboardName = LaunchScreen;
				INFOPLIST_KEY_UISupportedInterfaceOrientations = UIInterfaceOrientationPortrait;
				INFOPLIST_KEY_UISupportedInterfaceOrientations_iPad = "UIInterfaceOrientationPortrait UIInterfaceOrientationPortraitUpsideDown UIInterfaceOrientationLandscapeLeft UIInterfaceOrientationLandscapeRight";
				INFOPLIST_KEY_UISupportedInterfaceOrientations_iPhone = "UIInterfaceOrientationPortrait UIInterfaceOrientationLandscapeLeft UIInterfaceOrientationLandscapeRight";
				IPHONEOS_DEPLOYMENT_TARGET = 13.0;
				LD_RUNPATH_SEARCH_PATHS = (
					"$(inherited)",
					"@executable_path/Frameworks",
				);
				MARKETING_VERSION = 1.0;
				PRODUCT_BUNDLE_IDENTIFIER = com.mikhailchaus.workout;
				PRODUCT_NAME = "$(TARGET_NAME)";
				SWIFT_EMIT_LOC_STRINGS = YES;
				SWIFT_VERSION = 5.0;
				TARGETED_DEVICE_FAMILY = 1;
			};
			name = Release;
		};
/* End XCBuildConfiguration section */

/* Begin XCConfigurationList section */
		0411737E284E55370058BE9C /* Build configuration list for PBXProject "workout" */ = {
			isa = XCConfigurationList;
			buildConfigurations = (
				04117395284E55380058BE9C /* Debug */,
				04117396284E55380058BE9C /* Release */,
			);
			defaultConfigurationIsVisible = 0;
			defaultConfigurationName = Release;
		};
		04117397284E55380058BE9C /* Build configuration list for PBXNativeTarget "workout" */ = {
			isa = XCConfigurationList;
			buildConfigurations = (
				04117398284E55380058BE9C /* Debug */,
				04117399284E55380058BE9C /* Release */,
			);
			defaultConfigurationIsVisible = 0;
			defaultConfigurationName = Release;
		};
/* End XCConfigurationList section */
	};
	rootObject = 0411737B284E55370058BE9C /* Project object */;
}
